
Microsoft Visual Studio Solution File, Format Version 12.00
# Visual Studio 15
VisualStudioVersion = 15.0.28010.2046
MinimumVisualStudioVersion = 10.0.40219.1
Project("{FAE04EC0-301F-11D3-BF4B-00C04F79EFBC}") = "Assembly-CSharp", "Assembly-CSharp.csproj", "{21C3C69C-A0C4-0481-7342-E48F82753786}"
EndProject
Project("{FAE04EC0-301F-11D3-BF4B-00C04F79EFBC}") = "Assembly-CSharp-firstpass", "Assembly-CSharp-firstpass.csproj", "{DF107E3D-FAC9-3EBE-E7E4-03EA8961B166}"
EndProject
Project("{FAE04EC0-301F-11D3-BF4B-00C04F79EFBC}") = "Assembly-CSharp-Editor-firstpass", "Assembly-CSharp-Editor-firstpass.csproj", "{6DF165B6-94A4-83A8-92B4-223C64E6BC54}"
EndProject
Global
	GlobalSection(SolutionConfigurationPlatforms) = preSolution
		Debug|Any CPU = Debug|Any CPU
		Release|Any CPU = Release|Any CPU
	EndGlobalSection
	GlobalSection(ProjectConfigurationPlatforms) = postSolution
		{21C3C69C-A0C4-0481-7342-E48F82753786}.Debug|Any CPU.ActiveCfg = Debug|Any CPU
		{21C3C69C-A0C4-0481-7342-E48F82753786}.Debug|Any CPU.Build.0 = Debug|Any CPU
		{21C3C69C-A0C4-0481-7342-E48F82753786}.Release|Any CPU.ActiveCfg = Release|Any CPU
		{21C3C69C-A0C4-0481-7342-E48F82753786}.Release|Any CPU.Build.0 = Release|Any CPU
		{DF107E3D-FAC9-3EBE-E7E4-03EA8961B166}.Debug|Any CPU.ActiveCfg = Debug|Any CPU
		{DF107E3D-FAC9-3EBE-E7E4-03EA8961B166}.Debug|Any CPU.Build.0 = Debug|Any CPU
		{DF107E3D-FAC9-3EBE-E7E4-03EA8961B166}.Release|Any CPU.ActiveCfg = Release|Any CPU
		{DF107E3D-FAC9-3EBE-E7E4-03EA8961B166}.Release|Any CPU.Build.0 = Release|Any CPU
		{6DF165B6-94A4-83A8-92B4-223C64E6BC54}.Debug|Any CPU.ActiveCfg = Debug|Any CPU
		{6DF165B6-94A4-83A8-92B4-223C64E6BC54}.Debug|Any CPU.Build.0 = Debug|Any CPU
		{6DF165B6-94A4-83A8-92B4-223C64E6BC54}.Release|Any CPU.ActiveCfg = Release|Any CPU
		{6DF165B6-94A4-83A8-92B4-223C64E6BC54}.Release|Any CPU.Build.0 = Release|Any CPU
	EndGlobalSection
	GlobalSection(SolutionProperties) = preSolution
		HideSolutionNode = FALSE
	EndGlobalSection
	GlobalSection(ExtensibilityGlobals) = postSolution
		SolutionGuid = {D84102C3-BDD2-4570-809B-4BA0ED60AC2C}
	EndGlobalSection
	GlobalSection(MonoDevelopProperties) = preSolution
		StartupItem = Assembly-CSharp.csproj
	EndGlobalSection
EndGlobal
